
Microsoft Visual Studio Solution File, Format Version 12.00
# Visual Studio 2013
VisualStudioVersion = 12.0.30723.0
MinimumVisualStudioVersion = 10.0.40219.1
Project("{FAE04EC0-301F-11D3-BF4B-00C04F79EFBC}") = "Challenge147", "Challenge147\Challenge147.csproj", "{4062DAF0-26D9-498F-ABE8-7543747DAF30}"
EndProject
Global
	GlobalSection(SolutionConfigurationPlatforms) = preSolution
		Debug|Any CPU = Debug|Any CPU
		Release|Any CPU = Release|Any CPU
	EndGlobalSection
	GlobalSection(ProjectConfigurationPlatforms) = postSolution
		{4062DAF0-26D9-498F-ABE8-7543747DAF30}.Debug|Any CPU.ActiveCfg = Debug|Any CPU
		{4062DAF0-26D9-498F-ABE8-7543747DAF30}.Debug|Any CPU.Build.0 = Debug|Any CPU
		{4062DAF0-26D9-498F-ABE8-7543747DAF30}.Release|Any CPU.ActiveCfg = Release|Any CPU
		{4062DAF0-26D9-498F-ABE8-7543747DAF30}.Release|Any CPU.Build.0 = Release|Any CPU
	EndGlobalSection
	GlobalSection(SolutionProperties) = preSolution
		HideSolutionNode = FALSE
	EndGlobalSection
EndGlobal
